{
  "name": "@ondewo/t2s-client-typescript",
  "version": "1.4.0",
  "lockfileVersion": 1,
  "requires": true,
  "dependencies": {
    "google-protobuf": {
      "version": "3.15.6",
      "resolved": "https://registry.npmjs.org/google-protobuf/-/google-protobuf-3.15.6.tgz",
      "integrity": "sha512-p65NyhIZFHFUxbIPOm6cygg2rCjK+2uDCxruOG3RaWKM9R4rBGX0STmlJoSOhoyAG8Fha7U8FP4pQomAV1JXsA=="
    },
    "grpc-web": {
      "version": "1.2.1",
      "resolved": "https://registry.npmjs.org/grpc-web/-/grpc-web-1.2.1.tgz",
      "integrity": "sha512-ibBaJPzfMVuLPgaST9w0kZl60s+SnkPBQp6QKdpEr85tpc1gXW2QDqSne9xiyiym0logDfdUSm4aX5h9YBA2mw=="
    },
    "tslib": {
      "version": "1.14.1",
      "resolved": "https://registry.npmjs.org/tslib/-/tslib-1.14.1.tgz",
      "integrity": "sha512-Xni35NKzjgMrwevysHTCArtLDpPvye8zV/0E4EyYn43P7/7qvQwPh9BGkHewbMulVntbigmcT7rdX3BNo9wRJg=="
    }
  }
}
